
Microsoft Visual Studio Solution File, Format Version 12.00
# Visual Studio Version 16
VisualStudioVersion = 16.0.30717.126
MinimumVisualStudioVersion = 10.0.40219.1
Project("{FAE04EC0-301F-11D3-BF4B-00C04F79EFBC}") = "ExchangeWatcher", "ExchangeWatcher\ExchangeWatcher.csproj", "{80F66596-54DF-42BA-9D71-135546632F1A}"
EndProject
Project("{FAE04EC0-301F-11D3-BF4B-00C04F79EFBC}") = "ExchangeWatcherUpdater", "ExchangeWatcherUpdater\ExchangeWatcherUpdater.csproj", "{3D56696E-8FA2-47A9-878E-B85499C72B4E}"
EndProject
Global
	GlobalSection(SolutionConfigurationPlatforms) = preSolution
		Debug|Any CPU = Debug|Any CPU
		Release|Any CPU = Release|Any CPU
	EndGlobalSection
	GlobalSection(ProjectConfigurationPlatforms) = postSolution
		{80F66596-54DF-42BA-9D71-135546632F1A}.Debug|Any CPU.ActiveCfg = Debug|Any CPU
		{80F66596-54DF-42BA-9D71-135546632F1A}.Debug|Any CPU.Build.0 = Debug|Any CPU
		{80F66596-54DF-42BA-9D71-135546632F1A}.Release|Any CPU.ActiveCfg = Release|Any CPU
		{80F66596-54DF-42BA-9D71-135546632F1A}.Release|Any CPU.Build.0 = Release|Any CPU
		{3D56696E-8FA2-47A9-878E-B85499C72B4E}.Debug|Any CPU.ActiveCfg = Debug|Any CPU
		{3D56696E-8FA2-47A9-878E-B85499C72B4E}.Debug|Any CPU.Build.0 = Debug|Any CPU
		{3D56696E-8FA2-47A9-878E-B85499C72B4E}.Release|Any CPU.ActiveCfg = Release|Any CPU
		{3D56696E-8FA2-47A9-878E-B85499C72B4E}.Release|Any CPU.Build.0 = Release|Any CPU
	EndGlobalSection
	GlobalSection(SolutionProperties) = preSolution
		HideSolutionNode = FALSE
	EndGlobalSection
	GlobalSection(ExtensibilityGlobals) = postSolution
		SolutionGuid = {52CA8655-6142-4DAE-B6DC-3C566BD36226}
	EndGlobalSection
EndGlobal
